
Microsoft Visual Studio Solution File, Format Version 12.00
# Visual Studio Version 17
VisualStudioVersion = 17.0.31912.275
MinimumVisualStudioVersion = 10.0.40219.1
Project("{9A19103F-16F7-4668-BE54-9A1E7A4F7556}") = "SignalGo.ServerManager.WpfApp", "SignalGo.ServerManager.WpfApp\SignalGo.ServerManager.WpfApp.csproj", "{1380D040-51EB-4E03-BA87-78020071FB7A}"
EndProject
Project("{2150E333-8FDC-42A3-9474-1A3956D46DE8}") = "Components", "Components", "{AEB66D21-3D4D-420A-A8E6-E2929ED6923F}"
EndProject
Project("{9A19103F-16F7-4668-BE54-9A1E7A4F7556}") = "MvvmGo", "..\MvvmGo\MvvmGo\MvvmGo.csproj", "{65C01428-B14B-4CFD-B372-C4AC8F50887F}"
EndProject
Project("{9A19103F-16F7-4668-BE54-9A1E7A4F7556}") = "MvvmGo.WindowsWPF", "..\MvvmGo\MvvmGo.WindowsWPF\MvvmGo.WindowsWPF.csproj", "{5B774642-B4CA-47CD-AD8E-EB69A0239A71}"
EndProject
Project("{9A19103F-16F7-4668-BE54-9A1E7A4F7556}") = "SignalGo.Publisher", "SignalGo.Publisher\SignalGo.Publisher.csproj", "{478B2128-7640-4300-BA78-714D039D11C6}"
EndProject
Project("{2150E333-8FDC-42A3-9474-1A3956D46DE8}") = "Publisher", "Publisher", "{609A9005-82AD-4BF0-BF0F-DB3050BCA93E}"
EndProject
Project("{2150E333-8FDC-42A3-9474-1A3956D46DE8}") = "Client", "Client", "{C67FFEC2-6AF8-44A6-ACC8-3985C7E13DE0}"
EndProject
Project("{2150E333-8FDC-42A3-9474-1A3956D46DE8}") = "Server", "Server", "{E3FDA112-AF36-4A34-B0B7-2E214C456FA5}"
EndProject
Project("{9A19103F-16F7-4668-BE54-9A1E7A4F7556}") = "SignalGo.ServiceManager.Core", "SignalGo.ServiceManager.Core\SignalGo.ServiceManager.Core.csproj", "{37D1C198-3AB5-43E8-AE2D-68529AC7A2D3}"
EndProject
Project("{9A19103F-16F7-4668-BE54-9A1E7A4F7556}") = "SignalGo.ServiceManager.BaseViewModels", "SignalGo.ServiceManager.BaseViewModels\SignalGo.ServiceManager.BaseViewModels.csproj", "{346FE072-B836-4752-836A-53C5C3D4F242}"
EndProject
Project("{9A19103F-16F7-4668-BE54-9A1E7A4F7556}") = "SignalGo.ServiceManager.ConsoleApp", "SignalGo.ServiceManager.ConsoleApp\SignalGo.ServiceManager.ConsoleApp.csproj", "{360BE24F-84F1-4DBA-850D-EDC1578A0E46}"
EndProject
Project("{2150E333-8FDC-42A3-9474-1A3956D46DE8}") = "Shared", "Shared", "{5C556893-4C5B-4924-AAFA-FD8B1CA24240}"
EndProject
Project("{9A19103F-16F7-4668-BE54-9A1E7A4F7556}") = "SignalGo.Publisher.Shared", "SignalGo.Publisher.Shared\SignalGo.Publisher.Shared.csproj", "{F68A67A4-B722-4DCE-A244-831F639A4CE8}"
EndProject
Project("{2150E333-8FDC-42A3-9474-1A3956D46DE8}") = "DAL", "DAL", "{D6F17F88-F16B-4CE5-B15C-9721091213B5}"
EndProject
Project("{9A19103F-16F7-4668-BE54-9A1E7A4F7556}") = "SignalGo.Publisher.DataAccessLayer", "SignalGo.Publisher.Database\SignalGo.Publisher.DataAccessLayer.csproj", "{46198D44-4955-434C-90DD-1DE9595D5A67}"
EndProject
Project("{9A19103F-16F7-4668-BE54-9A1E7A4F7556}") = "SignalGo.Publisher.Models", "SignalGo.Publisher.Models\SignalGo.Publisher.Models.csproj", "{2C246A4D-E693-4BE8-BF10-53BF007DBCA9}"
EndProject
Project("{2150E333-8FDC-42A3-9474-1A3956D46DE8}") = "Core", "Core", "{DC767FCA-D35D-4A61-83A4-040F76778A93}"
EndProject
Project("{9A19103F-16F7-4668-BE54-9A1E7A4F7556}") = "SignalGo.Publisher.Core", "SignalGo.Publisher.Core\SignalGo.Publisher.Core.csproj", "{6E18AD88-9932-4D7D-96E7-1958A4D3C0DB}"
EndProject
Project("{9A19103F-16F7-4668-BE54-9A1E7A4F7556}") = "SignalGo.Server", "..\SignalGo-full-net\SignalGo.Server\SignalGo.Server.csproj", "{14C3EF8B-EE04-4D70-8765-29D9E427C056}"
EndProject
Project("{9A19103F-16F7-4668-BE54-9A1E7A4F7556}") = "SignalGo.Shared", "..\SignalGo-full-net\SignalGo.Shared\SignalGo.Shared.csproj", "{B7E18E1D-174D-4BC9-85B8-FCBD0358D9E9}"
EndProject
Project("{9A19103F-16F7-4668-BE54-9A1E7A4F7556}") = "SignalGo.Client", "..\SignalGo-full-net\SignalGo.Client\SignalGo.Client.csproj", "{DA4F99A9-69E4-48F1-8850-5298F7762AB9}"
EndProject
Project("{9A19103F-16F7-4668-BE54-9A1E7A4F7556}") = "SignalGo.Utilities", "..\SignalGo-full-net\SignalGo.Utilities\SignalGo.Utilities.csproj", "{009C4FB0-BA86-4925-8738-79BA9F33AD07}"
EndProject
Global
	GlobalSection(SolutionConfigurationPlatforms) = preSolution
		Debug|Any CPU = Debug|Any CPU
		Debug|x64 = Debug|x64
		Debug|x86 = Debug|x86
		Release|Any CPU = Release|Any CPU
		Release|x64 = Release|x64
		Release|x86 = Release|x86
	EndGlobalSection
	GlobalSection(ProjectConfigurationPlatforms) = postSolution
		{1380D040-51EB-4E03-BA87-78020071FB7A}.Debug|Any CPU.ActiveCfg = Debug|Any CPU
		{1380D040-51EB-4E03-BA87-78020071FB7A}.Debug|Any CPU.Build.0 = Debug|Any CPU
		{1380D040-51EB-4E03-BA87-78020071FB7A}.Debug|x64.ActiveCfg = Debug|Any CPU
		{1380D040-51EB-4E03-BA87-78020071FB7A}.Debug|x64.Build.0 = Debug|Any CPU
		{1380D040-51EB-4E03-BA87-78020071FB7A}.Debug|x86.ActiveCfg = Debug|Any CPU
		{1380D040-51EB-4E03-BA87-78020071FB7A}.Debug|x86.Build.0 = Debug|Any CPU
		{1380D040-51EB-4E03-BA87-78020071FB7A}.Release|Any CPU.ActiveCfg = Release|Any CPU
		{1380D040-51EB-4E03-BA87-78020071FB7A}.Release|Any CPU.Build.0 = Release|Any CPU
		{1380D040-51EB-4E03-BA87-78020071FB7A}.Release|x64.ActiveCfg = Release|Any CPU
		{1380D040-51EB-4E03-BA87-78020071FB7A}.Release|x64.Build.0 = Release|Any CPU
		{1380D040-51EB-4E03-BA87-78020071FB7A}.Release|x86.ActiveCfg = Release|Any CPU
		{1380D040-51EB-4E03-BA87-78020071FB7A}.Release|x86.Build.0 = Release|Any CPU
		{65C01428-B14B-4CFD-B372-C4AC8F50887F}.Debug|Any CPU.ActiveCfg = Debug|Any CPU
		{65C01428-B14B-4CFD-B372-C4AC8F50887F}.Debug|Any CPU.Build.0 = Debug|Any CPU
		{65C01428-B14B-4CFD-B372-C4AC8F50887F}.Debug|x64.ActiveCfg = Debug|Any CPU
		{65C01428-B14B-4CFD-B372-C4AC8F50887F}.Debug|x64.Build.0 = Debug|Any CPU
		{65C01428-B14B-4CFD-B372-C4AC8F50887F}.Debug|x86.ActiveCfg = Debug|Any CPU
		{65C01428-B14B-4CFD-B372-C4AC8F50887F}.Debug|x86.Build.0 = Debug|Any CPU
		{65C01428-B14B-4CFD-B372-C4AC8F50887F}.Release|Any CPU.ActiveCfg = Release|Any CPU
		{65C01428-B14B-4CFD-B372-C4AC8F50887F}.Release|Any CPU.Build.0 = Release|Any CPU
		{65C01428-B14B-4CFD-B372-C4AC8F50887F}.Release|x64.ActiveCfg = Release|Any CPU
		{65C01428-B14B-4CFD-B372-C4AC8F50887F}.Release|x64.Build.0 = Release|Any CPU
		{65C01428-B14B-4CFD-B372-C4AC8F50887F}.Release|x86.ActiveCfg = Release|Any CPU
		{65C01428-B14B-4CFD-B372-C4AC8F50887F}.Release|x86.Build.0 = Release|Any CPU
		{5B774642-B4CA-47CD-AD8E-EB69A0239A71}.Debug|Any CPU.ActiveCfg = Debug|Any CPU
		{5B774642-B4CA-47CD-AD8E-EB69A0239A71}.Debug|Any CPU.Build.0 = Debug|Any CPU
		{5B774642-B4CA-47CD-AD8E-EB69A0239A71}.Debug|x64.ActiveCfg = Debug|Any CPU
		{5B774642-B4CA-47CD-AD8E-EB69A0239A71}.Debug|x64.Build.0 = Debug|Any CPU
		{5B774642-B4CA-47CD-AD8E-EB69A0239A71}.Debug|x86.ActiveCfg = Debug|Any CPU
		{5B774642-B4CA-47CD-AD8E-EB69A0239A71}.Debug|x86.Build.0 = Debug|Any CPU
		{5B774642-B4CA-47CD-AD8E-EB69A0239A71}.Release|Any CPU.ActiveCfg = Release|Any CPU
		{5B774642-B4CA-47CD-AD8E-EB69A0239A71}.Release|Any CPU.Build.0 = Release|Any CPU
		{5B774642-B4CA-47CD-AD8E-EB69A0239A71}.Release|x64.ActiveCfg = Release|Any CPU
		{5B774642-B4CA-47CD-AD8E-EB69A0239A71}.Release|x64.Build.0 = Release|Any CPU
		{5B774642-B4CA-47CD-AD8E-EB69A0239A71}.Release|x86.ActiveCfg = Release|Any CPU
		{5B774642-B4CA-47CD-AD8E-EB69A0239A71}.Release|x86.Build.0 = Release|Any CPU
		{478B2128-7640-4300-BA78-714D039D11C6}.Debug|Any CPU.ActiveCfg = Debug|Any CPU
		{478B2128-7640-4300-BA78-714D039D11C6}.Debug|Any CPU.Build.0 = Debug|Any CPU
		{478B2128-7640-4300-BA78-714D039D11C6}.Debug|x64.ActiveCfg = Debug|Any CPU
		{478B2128-7640-4300-BA78-714D039D11C6}.Debug|x64.Build.0 = Debug|Any CPU
		{478B2128-7640-4300-BA78-714D039D11C6}.Debug|x86.ActiveCfg = Debug|Any CPU
		{478B2128-7640-4300-BA78-714D039D11C6}.Debug|x86.Build.0 = Debug|Any CPU
		{478B2128-7640-4300-BA78-714D039D11C6}.Release|Any CPU.ActiveCfg = Release|Any CPU
		{478B2128-7640-4300-BA78-714D039D11C6}.Release|Any CPU.Build.0 = Release|Any CPU
		{478B2128-7640-4300-BA78-714D039D11C6}.Release|x64.ActiveCfg = Release|Any CPU
		{478B2128-7640-4300-BA78-714D039D11C6}.Release|x64.Build.0 = Release|Any CPU
		{478B2128-7640-4300-BA78-714D039D11C6}.Release|x86.ActiveCfg = Release|Any CPU
		{478B2128-7640-4300-BA78-714D039D11C6}.Release|x86.Build.0 = Release|Any CPU
		{37D1C198-3AB5-43E8-AE2D-68529AC7A2D3}.Debug|Any CPU.ActiveCfg = Debug|Any CPU
		{37D1C198-3AB5-43E8-AE2D-68529AC7A2D3}.Debug|Any CPU.Build.0 = Debug|Any CPU
		{37D1C198-3AB5-43E8-AE2D-68529AC7A2D3}.Debug|x64.ActiveCfg = Debug|Any CPU
		{37D1C198-3AB5-43E8-AE2D-68529AC7A2D3}.Debug|x64.Build.0 = Debug|Any CPU
		{37D1C198-3AB5-43E8-AE2D-68529AC7A2D3}.Debug|x86.ActiveCfg = Debug|Any CPU
		{37D1C198-3AB5-43E8-AE2D-68529AC7A2D3}.Debug|x86.Build.0 = Debug|Any CPU
		{37D1C198-3AB5-43E8-AE2D-68529AC7A2D3}.Release|Any CPU.ActiveCfg = Release|Any CPU
		{37D1C198-3AB5-43E8-AE2D-68529AC7A2D3}.Release|Any CPU.Build.0 = Release|Any CPU
		{37D1C198-3AB5-43E8-AE2D-68529AC7A2D3}.Release|x64.ActiveCfg = Release|Any CPU
		{37D1C198-3AB5-43E8-AE2D-68529AC7A2D3}.Release|x64.Build.0 = Release|Any CPU
		{37D1C198-3AB5-43E8-AE2D-68529AC7A2D3}.Release|x86.ActiveCfg = Release|Any CPU
		{37D1C198-3AB5-43E8-AE2D-68529AC7A2D3}.Release|x86.Build.0 = Release|Any CPU
		{346FE072-B836-4752-836A-53C5C3D4F242}.Debug|Any CPU.ActiveCfg = Debug|Any CPU
		{346FE072-B836-4752-836A-53C5C3D4F242}.Debug|Any CPU.Build.0 = Debug|Any CPU
		{346FE072-B836-4752-836A-53C5C3D4F242}.Debug|x64.ActiveCfg = Debug|Any CPU
		{346FE072-B836-4752-836A-53C5C3D4F242}.Debug|x64.Build.0 = Debug|Any CPU
		{346FE072-B836-4752-836A-53C5C3D4F242}.Debug|x86.ActiveCfg = Debug|Any CPU
		{346FE072-B836-4752-836A-53C5C3D4F242}.Debug|x86.Build.0 = Debug|Any CPU
		{346FE072-B836-4752-836A-53C5C3D4F242}.Release|Any CPU.ActiveCfg = Release|Any CPU
		{346FE072-B836-4752-836A-53C5C3D4F242}.Release|Any CPU.Build.0 = Release|Any CPU
		{346FE072-B836-4752-836A-53C5C3D4F242}.Release|x64.ActiveCfg = Release|Any CPU
		{346FE072-B836-4752-836A-53C5C3D4F242}.Release|x64.Build.0 = Release|Any CPU
		{346FE072-B836-4752-836A-53C5C3D4F242}.Release|x86.ActiveCfg = Release|Any CPU
		{346FE072-B836-4752-836A-53C5C3D4F242}.Release|x86.Build.0 = Release|Any CPU
		{360BE24F-84F1-4DBA-850D-EDC1578A0E46}.Debug|Any CPU.ActiveCfg = Debug|Any CPU
		{360BE24F-84F1-4DBA-850D-EDC1578A0E46}.Debug|Any CPU.Build.0 = Debug|Any CPU
		{360BE24F-84F1-4DBA-850D-EDC1578A0E46}.Debug|x64.ActiveCfg = Debug|Any CPU
		{360BE24F-84F1-4DBA-850D-EDC1578A0E46}.Debug|x64.Build.0 = Debug|Any CPU
		{360BE24F-84F1-4DBA-850D-EDC1578A0E46}.Debug|x86.ActiveCfg = Debug|Any CPU
		{360BE24F-84F1-4DBA-850D-EDC1578A0E46}.Debug|x86.Build.0 = Debug|Any CPU
		{360BE24F-84F1-4DBA-850D-EDC1578A0E46}.Release|Any CPU.ActiveCfg = Release|Any CPU
		{360BE24F-84F1-4DBA-850D-EDC1578A0E46}.Release|Any CPU.Build.0 = Release|Any CPU
		{360BE24F-84F1-4DBA-850D-EDC1578A0E46}.Release|x64.ActiveCfg = Release|Any CPU
		{360BE24F-84F1-4DBA-850D-EDC1578A0E46}.Release|x64.Build.0 = Release|Any CPU
		{360BE24F-84F1-4DBA-850D-EDC1578A0E46}.Release|x86.ActiveCfg = Release|Any CPU
		{360BE24F-84F1-4DBA-850D-EDC1578A0E46}.Release|x86.Build.0 = Release|Any CPU
		{F68A67A4-B722-4DCE-A244-831F639A4CE8}.Debug|Any CPU.ActiveCfg = Debug|Any CPU
		{F68A67A4-B722-4DCE-A244-831F639A4CE8}.Debug|Any CPU.Build.0 = Debug|Any CPU
		{F68A67A4-B722-4DCE-A244-831F639A4CE8}.Debug|x64.ActiveCfg = Debug|Any CPU
		{F68A67A4-B722-4DCE-A244-831F639A4CE8}.Debug|x64.Build.0 = Debug|Any CPU
		{F68A67A4-B722-4DCE-A244-831F639A4CE8}.Debug|x86.ActiveCfg = Debug|Any CPU
		{F68A67A4-B722-4DCE-A244-831F639A4CE8}.Debug|x86.Build.0 = Debug|Any CPU
		{F68A67A4-B722-4DCE-A244-831F639A4CE8}.Release|Any CPU.ActiveCfg = Release|Any CPU
		{F68A67A4-B722-4DCE-A244-831F639A4CE8}.Release|Any CPU.Build.0 = Release|Any CPU
		{F68A67A4-B722-4DCE-A244-831F639A4CE8}.Release|x64.ActiveCfg = Release|Any CPU
		{F68A67A4-B722-4DCE-A244-831F639A4CE8}.Release|x64.Build.0 = Release|Any CPU
		{F68A67A4-B722-4DCE-A244-831F639A4CE8}.Release|x86.ActiveCfg = Release|Any CPU
		{F68A67A4-B722-4DCE-A244-831F639A4CE8}.Release|x86.Build.0 = Release|Any CPU
		{46198D44-4955-434C-90DD-1DE9595D5A67}.Debug|Any CPU.ActiveCfg = Debug|Any CPU
		{46198D44-4955-434C-90DD-1DE9595D5A67}.Debug|Any CPU.Build.0 = Debug|Any CPU
		{46198D44-4955-434C-90DD-1DE9595D5A67}.Debug|x64.ActiveCfg = Debug|Any CPU
		{46198D44-4955-434C-90DD-1DE9595D5A67}.Debug|x64.Build.0 = Debug|Any CPU
		{46198D44-4955-434C-90DD-1DE9595D5A67}.Debug|x86.ActiveCfg = Debug|Any CPU
		{46198D44-4955-434C-90DD-1DE9595D5A67}.Debug|x86.Build.0 = Debug|Any CPU
		{46198D44-4955-434C-90DD-1DE9595D5A67}.Release|Any CPU.ActiveCfg = Release|Any CPU
		{46198D44-4955-434C-90DD-1DE9595D5A67}.Release|Any CPU.Build.0 = Release|Any CPU
		{46198D44-4955-434C-90DD-1DE9595D5A67}.Release|x64.ActiveCfg = Release|Any CPU
		{46198D44-4955-434C-90DD-1DE9595D5A67}.Release|x64.Build.0 = Release|Any CPU
		{46198D44-4955-434C-90DD-1DE9595D5A67}.Release|x86.ActiveCfg = Release|Any CPU
		{46198D44-4955-434C-90DD-1DE9595D5A67}.Release|x86.Build.0 = Release|Any CPU
		{2C246A4D-E693-4BE8-BF10-53BF007DBCA9}.Debug|Any CPU.ActiveCfg = Debug|Any CPU
		{2C246A4D-E693-4BE8-BF10-53BF007DBCA9}.Debug|Any CPU.Build.0 = Debug|Any CPU
		{2C246A4D-E693-4BE8-BF10-53BF007DBCA9}.Debug|x64.ActiveCfg = Debug|Any CPU
		{2C246A4D-E693-4BE8-BF10-53BF007DBCA9}.Debug|x64.Build.0 = Debug|Any CPU
		{2C246A4D-E693-4BE8-BF10-53BF007DBCA9}.Debug|x86.ActiveCfg = Debug|Any CPU
		{2C246A4D-E693-4BE8-BF10-53BF007DBCA9}.Debug|x86.Build.0 = Debug|Any CPU
		{2C246A4D-E693-4BE8-BF10-53BF007DBCA9}.Release|Any CPU.ActiveCfg = Release|Any CPU
		{2C246A4D-E693-4BE8-BF10-53BF007DBCA9}.Release|Any CPU.Build.0 = Release|Any CPU
		{2C246A4D-E693-4BE8-BF10-53BF007DBCA9}.Release|x64.ActiveCfg = Release|Any CPU
		{2C246A4D-E693-4BE8-BF10-53BF007DBCA9}.Release|x64.Build.0 = Release|Any CPU
		{2C246A4D-E693-4BE8-BF10-53BF007DBCA9}.Release|x86.ActiveCfg = Release|Any CPU
		{2C246A4D-E693-4BE8-BF10-53BF007DBCA9}.Release|x86.Build.0 = Release|Any CPU
		{6E18AD88-9932-4D7D-96E7-1958A4D3C0DB}.Debug|Any CPU.ActiveCfg = Debug|Any CPU
		{6E18AD88-9932-4D7D-96E7-1958A4D3C0DB}.Debug|Any CPU.Build.0 = Debug|Any CPU
		{6E18AD88-9932-4D7D-96E7-1958A4D3C0DB}.Debug|x64.ActiveCfg = Debug|Any CPU
		{6E18AD88-9932-4D7D-96E7-1958A4D3C0DB}.Debug|x64.Build.0 = Debug|Any CPU
		{6E18AD88-9932-4D7D-96E7-1958A4D3C0DB}.Debug|x86.ActiveCfg = Debug|Any CPU
		{6E18AD88-9932-4D7D-96E7-1958A4D3C0DB}.Debug|x86.Build.0 = Debug|Any CPU
		{6E18AD88-9932-4D7D-96E7-1958A4D3C0DB}.Release|Any CPU.ActiveCfg = Release|Any CPU
		{6E18AD88-9932-4D7D-96E7-1958A4D3C0DB}.Release|Any CPU.Build.0 = Release|Any CPU
		{6E18AD88-9932-4D7D-96E7-1958A4D3C0DB}.Release|x64.ActiveCfg = Release|Any CPU
		{6E18AD88-9932-4D7D-96E7-1958A4D3C0DB}.Release|x64.Build.0 = Release|Any CPU
		{6E18AD88-9932-4D7D-96E7-1958A4D3C0DB}.Release|x86.ActiveCfg = Release|Any CPU
		{6E18AD88-9932-4D7D-96E7-1958A4D3C0DB}.Release|x86.Build.0 = Release|Any CPU
		{14C3EF8B-EE04-4D70-8765-29D9E427C056}.Debug|Any CPU.ActiveCfg = Debug|Any CPU
		{14C3EF8B-EE04-4D70-8765-29D9E427C056}.Debug|Any CPU.Build.0 = Debug|Any CPU
		{14C3EF8B-EE04-4D70-8765-29D9E427C056}.Debug|x64.ActiveCfg = Debug|Any CPU
		{14C3EF8B-EE04-4D70-8765-29D9E427C056}.Debug|x64.Build.0 = Debug|Any CPU
		{14C3EF8B-EE04-4D70-8765-29D9E427C056}.Debug|x86.ActiveCfg = Debug|Any CPU
		{14C3EF8B-EE04-4D70-8765-29D9E427C056}.Debug|x86.Build.0 = Debug|Any CPU
		{14C3EF8B-EE04-4D70-8765-29D9E427C056}.Release|Any CPU.ActiveCfg = Release|Any CPU
		{14C3EF8B-EE04-4D70-8765-29D9E427C056}.Release|Any CPU.Build.0 = Release|Any CPU
		{14C3EF8B-EE04-4D70-8765-29D9E427C056}.Release|x64.ActiveCfg = Release|Any CPU
		{14C3EF8B-EE04-4D70-8765-29D9E427C056}.Release|x64.Build.0 = Release|Any CPU
		{14C3EF8B-EE04-4D70-8765-29D9E427C056}.Release|x86.ActiveCfg = Release|Any CPU
		{14C3EF8B-EE04-4D70-8765-29D9E427C056}.Release|x86.Build.0 = Release|Any CPU
		{B7E18E1D-174D-4BC9-85B8-FCBD0358D9E9}.Debug|Any CPU.ActiveCfg = Debug|Any CPU
		{B7E18E1D-174D-4BC9-85B8-FCBD0358D9E9}.Debug|Any CPU.Build.0 = Debug|Any CPU
		{B7E18E1D-174D-4BC9-85B8-FCBD0358D9E9}.Debug|x64.ActiveCfg = Debug|Any CPU
		{B7E18E1D-174D-4BC9-85B8-FCBD0358D9E9}.Debug|x64.Build.0 = Debug|Any CPU
		{B7E18E1D-174D-4BC9-85B8-FCBD0358D9E9}.Debug|x86.ActiveCfg = Debug|Any CPU
		{B7E18E1D-174D-4BC9-85B8-FCBD0358D9E9}.Debug|x86.Build.0 = Debug|Any CPU
		{B7E18E1D-174D-4BC9-85B8-FCBD0358D9E9}.Release|Any CPU.ActiveCfg = Release|Any CPU
		{B7E18E1D-174D-4BC9-85B8-FCBD0358D9E9}.Release|Any CPU.Build.0 = Release|Any CPU
		{B7E18E1D-174D-4BC9-85B8-FCBD0358D9E9}.Release|x64.ActiveCfg = Release|Any CPU
		{B7E18E1D-174D-4BC9-85B8-FCBD0358D9E9}.Release|x64.Build.0 = Release|Any CPU
		{B7E18E1D-174D-4BC9-85B8-FCBD0358D9E9}.Release|x86.ActiveCfg = Release|Any CPU
		{B7E18E1D-174D-4BC9-85B8-FCBD0358D9E9}.Release|x86.Build.0 = Release|Any CPU
		{DA4F99A9-69E4-48F1-8850-5298F7762AB9}.Debug|Any CPU.ActiveCfg = Debug|Any CPU
		{DA4F99A9-69E4-48F1-8850-5298F7762AB9}.Debug|Any CPU.Build.0 = Debug|Any CPU
		{DA4F99A9-69E4-48F1-8850-5298F7762AB9}.Debug|x64.ActiveCfg = Debug|Any CPU
		{DA4F99A9-69E4-48F1-8850-5298F7762AB9}.Debug|x64.Build.0 = Debug|Any CPU
		{DA4F99A9-69E4-48F1-8850-5298F7762AB9}.Debug|x86.ActiveCfg = Debug|Any CPU
		{DA4F99A9-69E4-48F1-8850-5298F7762AB9}.Debug|x86.Build.0 = Debug|Any CPU
		{DA4F99A9-69E4-48F1-8850-5298F7762AB9}.Release|Any CPU.ActiveCfg = Release|Any CPU
		{DA4F99A9-69E4-48F1-8850-5298F7762AB9}.Release|Any CPU.Build.0 = Release|Any CPU
		{DA4F99A9-69E4-48F1-8850-5298F7762AB9}.Release|x64.ActiveCfg = Release|Any CPU
		{DA4F99A9-69E4-48F1-8850-5298F7762AB9}.Release|x64.Build.0 = Release|Any CPU
		{DA4F99A9-69E4-48F1-8850-5298F7762AB9}.Release|x86.ActiveCfg = Release|Any CPU
		{DA4F99A9-69E4-48F1-8850-5298F7762AB9}.Release|x86.Build.0 = Release|Any CPU
		{009C4FB0-BA86-4925-8738-79BA9F33AD07}.Debug|Any CPU.ActiveCfg = Debug|Any CPU
		{009C4FB0-BA86-4925-8738-79BA9F33AD07}.Debug|Any CPU.Build.0 = Debug|Any CPU
		{009C4FB0-BA86-4925-8738-79BA9F33AD07}.Debug|x64.ActiveCfg = Debug|x64
		{009C4FB0-BA86-4925-8738-79BA9F33AD07}.Debug|x64.Build.0 = Debug|x64
		{009C4FB0-BA86-4925-8738-79BA9F33AD07}.Debug|x86.ActiveCfg = Debug|x86
		{009C4FB0-BA86-4925-8738-79BA9F33AD07}.Debug|x86.Build.0 = Debug|x86
		{009C4FB0-BA86-4925-8738-79BA9F33AD07}.Release|Any CPU.ActiveCfg = Release|Any CPU
		{009C4FB0-BA86-4925-8738-79BA9F33AD07}.Release|Any CPU.Build.0 = Release|Any CPU
		{009C4FB0-BA86-4925-8738-79BA9F33AD07}.Release|x64.ActiveCfg = Release|x64
		{009C4FB0-BA86-4925-8738-79BA9F33AD07}.Release|x64.Build.0 = Release|x64
		{009C4FB0-BA86-4925-8738-79BA9F33AD07}.Release|x86.ActiveCfg = Release|x86
		{009C4FB0-BA86-4925-8738-79BA9F33AD07}.Release|x86.Build.0 = Release|x86
	EndGlobalSection
	GlobalSection(SolutionProperties) = preSolution
		HideSolutionNode = FALSE
	EndGlobalSection
	GlobalSection(NestedProjects) = preSolution
		{1380D040-51EB-4E03-BA87-78020071FB7A} = {E3FDA112-AF36-4A34-B0B7-2E214C456FA5}
		{65C01428-B14B-4CFD-B372-C4AC8F50887F} = {AEB66D21-3D4D-420A-A8E6-E2929ED6923F}
		{5B774642-B4CA-47CD-AD8E-EB69A0239A71} = {AEB66D21-3D4D-420A-A8E6-E2929ED6923F}
		{478B2128-7640-4300-BA78-714D039D11C6} = {C67FFEC2-6AF8-44A6-ACC8-3985C7E13DE0}
		{C67FFEC2-6AF8-44A6-ACC8-3985C7E13DE0} = {609A9005-82AD-4BF0-BF0F-DB3050BCA93E}
		{E3FDA112-AF36-4A34-B0B7-2E214C456FA5} = {609A9005-82AD-4BF0-BF0F-DB3050BCA93E}
		{37D1C198-3AB5-43E8-AE2D-68529AC7A2D3} = {E3FDA112-AF36-4A34-B0B7-2E214C456FA5}
		{346FE072-B836-4752-836A-53C5C3D4F242} = {E3FDA112-AF36-4A34-B0B7-2E214C456FA5}
		{360BE24F-84F1-4DBA-850D-EDC1578A0E46} = {E3FDA112-AF36-4A34-B0B7-2E214C456FA5}
		{5C556893-4C5B-4924-AAFA-FD8B1CA24240} = {609A9005-82AD-4BF0-BF0F-DB3050BCA93E}
		{F68A67A4-B722-4DCE-A244-831F639A4CE8} = {5C556893-4C5B-4924-AAFA-FD8B1CA24240}
		{D6F17F88-F16B-4CE5-B15C-9721091213B5} = {609A9005-82AD-4BF0-BF0F-DB3050BCA93E}
		{46198D44-4955-434C-90DD-1DE9595D5A67} = {D6F17F88-F16B-4CE5-B15C-9721091213B5}
		{2C246A4D-E693-4BE8-BF10-53BF007DBCA9} = {D6F17F88-F16B-4CE5-B15C-9721091213B5}
		{DC767FCA-D35D-4A61-83A4-040F76778A93} = {609A9005-82AD-4BF0-BF0F-DB3050BCA93E}
		{6E18AD88-9932-4D7D-96E7-1958A4D3C0DB} = {DC767FCA-D35D-4A61-83A4-040F76778A93}
		{14C3EF8B-EE04-4D70-8765-29D9E427C056} = {5C556893-4C5B-4924-AAFA-FD8B1CA24240}
		{B7E18E1D-174D-4BC9-85B8-FCBD0358D9E9} = {5C556893-4C5B-4924-AAFA-FD8B1CA24240}
		{DA4F99A9-69E4-48F1-8850-5298F7762AB9} = {5C556893-4C5B-4924-AAFA-FD8B1CA24240}
		{009C4FB0-BA86-4925-8738-79BA9F33AD07} = {5C556893-4C5B-4924-AAFA-FD8B1CA24240}
	EndGlobalSection
	GlobalSection(ExtensibilityGlobals) = postSolution
		SolutionGuid = {BA45D984-D832-4852-8459-2B21C09E673C}
	EndGlobalSection
EndGlobal
